{
  "name": "affihub",
  "lockfileVersion": 2,
  "requires": true,
  "packages": {
    "": {
      "name": "affihub",
      "devDependencies": {
        "daisyui": "5.7.47"
      }
    },
    "node_modules/daisyui": {
      "version": "5.7.47",
      "resolved": "https://registry.npmjs.org/daisyui/-/daisyui-5.7.47.tgz",
      "integrity": "sha512-NOl4vPifelRqB3CMzoU751zc44KCDD9HdHMTTqQ30uiYVpIyK7+s94/ySDWgYqjdl1tQCaCrgGBx4KCizm+a3Q==",
      "dev": true,
      "funding": {
        "url": "https://github.com/saadeghi/daisyui?sponsor=1"
      }
    }
  },
  "dependencies": {
    "daisyui": {
      "version": "5.7.47",
      "resolved": "https://registry.npmjs.org/daisyui/-/daisyui-5.7.47.tgz",
      "integrity": "sha512-NOl4vPifelRqB3CMzoU751zc44KCDD9HdHMTTqQ30uiYVpIyK7+s94/ySDWgYqjdl1tQCaCrgGBx4KCizm+a3Q==",
      "dev": true
    }
  }
}
